{
  "name": "platform",
  "version": "1.0.0",
  "lockfileVersion": 3,
  "requires": true,
  "packages": {
    "": {
      "name": "platform",
      "version": "1.0.0",
      "license": "ISC",
      "dependencies": {
        "@talgatsh/ajs": "^1.0.0"
      }
    },
    "node_modules/@talgatsh/ajs": {
      "version": "1.0.0",
      "resolved": "https://npm.pkg.github.com/download/@talgatsh/ajs/1.0.0/2bc28a5cacea784b373e12a387e423a39bc4b2f8",
      "integrity": "sha512-N4VqtmEhtNIV6Iytp4Kr/TOGnJ/Vib+XVd/Bjl21FB7zmebI0fxZ6Jl05Yp9NY/XKP5rX5loeAG1xqyL2WwB+w==",
      "license": "ISC"
    }
  }
}
